// !$*UTF8*$!
{
	archiveVersion = 1;
	classes = {
	};
	objectVersion = 46;
	objects = {

/* Begin PBXBuildFile section */
		334A55F5187E04D30028228C /* Foundation.framework in Frameworks */ = {isa = PBXBuildFile; fileRef = 334A55F4187E04D30028228C /* Foundation.framework */; };
		334A55F7187E04D30028228C /* CoreGraphics.framework in Frameworks */ = {isa = PBXBuildFile; fileRef = 334A55F6187E04D30028228C /* CoreGraphics.framework */; };
		334A55F9187E04D30028228C /* UIKit.framework in Frameworks */ = {isa = PBXBuildFile; fileRef = 334A55F8187E04D30028228C /* UIKit.framework */; };
		334A55FF187E04D40028228C /* InfoPlist.strings in Resources */ = {isa = PBXBuildFile; fileRef = 334A55FD187E04D40028228C /* InfoPlist.strings */; };
		334A5601187E04D40028228C /* main.m in Sources */ = {isa = PBXBuildFile; fileRef = 334A5600187E04D40028228C /* main.m */; };
		334A5605187E04D40028228C /* AppDelegate.m in Sources */ = {isa = PBXBuildFile; fileRef = 334A5604187E04D40028228C /* AppDelegate.m */; };
		334A5608187E04D40028228C /* Main.storyboard in Resources */ = {isa = PBXBuildFile; fileRef = 334A5606187E04D40028228C /* Main.storyboard */; };
		334A560B187E04D40028228C /* ViewController.m in Sources */ = {isa = PBXBuildFile; fileRef = 334A560A187E04D40028228C /* ViewController.m */; };
		334A560D187E04D40028228C /* Images.xcassets in Resources */ = {isa = PBXBuildFile; fileRef = 334A560C187E04D40028228C /* Images.xcassets */; };
		334A5614187E04D40028228C /* XCTest.framework in Frameworks */ = {isa = PBXBuildFile; fileRef = 334A5613187E04D40028228C /* XCTest.framework */; };
		334A5615187E04D40028228C /* Foundation.framework in Frameworks */ = {isa = PBXBuildFile; fileRef = 334A55F4187E04D30028228C /* Foundation.framework */; };
		334A5616187E04D40028228C /* UIKit.framework in Frameworks */ = {isa = PBXBuildFile; fileRef = 334A55F8187E04D30028228C /* UIKit.framework */; };
		334A561E187E04D40028228C /* InfoPlist.strings in Resources */ = {isa = PBXBuildFile; fileRef = 334A561C187E04D40028228C /* InfoPlist.strings */; };
		334A5620187E04D40028228C /* MPTextView_SampleTests.m in Sources */ = {isa = PBXBuildFile; fileRef = 334A561F187E04D40028228C /* MPTextView_SampleTests.m */; };
		334A562B187E05170028228C /* MPTextView.m in Sources */ = {isa = PBXBuildFile; fileRef = 334A562A187E05170028228C /* MPTextView.m */; };
/* End PBXBuildFile section */

/* Begin PBXContainerItemProxy section */
		334A5617187E04D40028228C /* PBXContainerItemProxy */ = {
			isa = PBXContainerItemProxy;
			containerPortal = 334A55E9187E04D30028228C /* Project object */;
			proxyType = 1;
			remoteGlobalIDString = 334A55F0187E04D30028228C;
			remoteInfo = "MPTextView Sample";
		};
/* End PBXContainerItemProxy section */

/* Begin PBXFileReference section */
		334A55F1187E04D30028228C /* MPTextView Sample.app */ = {isa = PBXFileReference; explicitFileType = wrapper.application; includeInIndex = 0; path = "MPTextView Sample.app"; sourceTree = BUILT_PRODUCTS_DIR; };
		334A55F4187E04D30028228C /* Foundation.framework */ = {isa = PBXFileReference; lastKnownFileType = wrapper.framework; name = Foundation.framework; path = System/Library/Frameworks/Foundation.framework; sourceTree = SDKROOT; };
		334A55F6187E04D30028228C /* CoreGraphics.framework */ = {isa = PBXFileReference; lastKnownFileType = wrapper.framework; name = CoreGraphics.framework; path = System/Library/Frameworks/CoreGraphics.framework; sourceTree = SDKROOT; };
		334A55F8187E04D30028228C /* UIKit.framework */ = {isa = PBXFileReference; lastKnownFileType = wrapper.framework; name = UIKit.framework; path = System/Library/Frameworks/UIKit.framework; sourceTree = SDKROOT; };
		334A55FC187E04D40028228C /* MPTextView Sample-Info.plist */ = {isa = PBXFileReference; lastKnownFileType = text.plist.xml; path = "MPTextView Sample-Info.plist"; sourceTree = "<group>"; };
		334A55FE187E04D40028228C /* en */ = {isa = PBXFileReference; lastKnownFileType = text.plist.strings; name = en; path = en.lproj/InfoPlist.strings; sourceTree = "<group>"; };
		334A5600187E04D40028228C /* main.m */ = {isa = PBXFileReference; lastKnownFileType = sourcecode.c.objc; path = main.m; sourceTree = "<group>"; };
		334A5602187E04D40028228C /* MPTextView Sample-Prefix.pch */ = {isa = PBXFileReference; lastKnownFileType = sourcecode.c.h; path = "MPTextView Sample-Prefix.pch"; sourceTree = "<group>"; };
		334A5603187E04D40028228C /* AppDelegate.h */ = {isa = PBXFileReference; lastKnownFileType = sourcecode.c.h; path = AppDelegate.h; sourceTree = "<group>"; };
		334A5604187E04D40028228C /* AppDelegate.m */ = {isa = PBXFileReference; lastKnownFileType = sourcecode.c.objc; path = AppDelegate.m; sourceTree = "<group>"; };
		334A5607187E04D40028228C /* Base */ = {isa = PBXFileReference; lastKnownFileType = file.storyboard; name = Base; path = Base.lproj/Main.storyboard; sourceTree = "<group>"; };
		334A5609187E04D40028228C /* ViewController.h */ = {isa = PBXFileReference; lastKnownFileType = sourcecode.c.h; path = ViewController.h; sourceTree = "<group>"; };
		334A560A187E04D40028228C /* ViewController.m */ = {isa = PBXFileReference; lastKnownFileType = sourcecode.c.objc; path = ViewController.m; sourceTree = "<group>"; };
		334A560C187E04D40028228C /* Images.xcassets */ = {isa = PBXFileReference; lastKnownFileType = folder.assetcatalog; path = Images.xcassets; sourceTree = "<group>"; };
		334A5612187E04D40028228C /* MPTextView SampleTests.xctest */ = {isa = PBXFileReference; explicitFileType = wrapper.cfbundle; includeInIndex = 0; path = "MPTextView SampleTests.xctest"; sourceTree = BUILT_PRODUCTS_DIR; };
		334A5613187E04D40028228C /* XCTest.framework */ = {isa = PBXFileReference; lastKnownFileType = wrapper.framework; name = XCTest.framework; path = Library/Frameworks/XCTest.framework; sourceTree = DEVELOPER_DIR; };
		334A561B187E04D40028228C /* MPTextView SampleTests-Info.plist */ = {isa = PBXFileReference; lastKnownFileType = text.plist.xml; path = "MPTextView SampleTests-Info.plist"; sourceTree = "<group>"; };
		334A561D187E04D40028228C /* en */ = {isa = PBXFileReference; lastKnownFileType = text.plist.strings; name = en; path = en.lproj/InfoPlist.strings; sourceTree = "<group>"; };
		334A561F187E04D40028228C /* MPTextView_SampleTests.m */ = {isa = PBXFileReference; lastKnownFileType = sourcecode.c.objc; path = MPTextView_SampleTests.m; sourceTree = "<group>"; };
		334A5629187E05170028228C /* MPTextView.h */ = {isa = PBXFileReference; fileEncoding = 4; lastKnownFileType = sourcecode.c.h; name = MPTextView.h; path = ../../MPTextView.h; sourceTree = "<group>"; };
		334A562A187E05170028228C /* MPTextView.m */ = {isa = PBXFileReference; fileEncoding = 4; lastKnownFileType = sourcecode.c.objc; name = MPTextView.m; path = ../../MPTextView.m; sourceTree = "<group>"; };
/* End PBXFileReference section */

/* Begin PBXFrameworksBuildPhase section */
		334A55EE187E04D30028228C /* Frameworks */ = {
			isa = PBXFrameworksBuildPhase;
			buildActionMask = 2147483647;
			files = (
				334A55F7187E04D30028228C /* CoreGraphics.framework in Frameworks */,
				334A55F9187E04D30028228C /* UIKit.framework in Frameworks */,
				334A55F5187E04D30028228C /* Foundation.framework in Frameworks */,
			);
			runOnlyForDeploymentPostprocessing = 0;
		};
		334A560F187E04D40028228C /* Frameworks */ = {
			isa = PBXFrameworksBuildPhase;
			buildActionMask = 2147483647;
			files = (
				334A5614187E04D40028228C /* XCTest.framework in Frameworks */,
				334A5616187E04D40028228C /* UIKit.framework in Frameworks */,
				334A5615187E04D40028228C /* Foundation.framework in Frameworks */,
			);
			runOnlyForDeploymentPostprocessing = 0;
		};
/* End PBXFrameworksBuildPhase section */

/* Begin PBXGroup section */
		334A55E8187E04D30028228C = {
			isa = PBXGroup;
			children = (
				334A55FA187E04D40028228C /* MPTextView Sample */,
				334A5619187E04D40028228C /* MPTextView SampleTests */,
				334A55F3187E04D30028228C /* Frameworks */,
				334A55F2187E04D30028228C /* Products */,
			);
			sourceTree = "<group>";
		};
		334A55F2187E04D30028228C /* Products */ = {
			isa = PBXGroup;
			children = (
				334A55F1187E04D30028228C /* MPTextView Sample.app */,
				334A5612187E04D40028228C /* MPTextView SampleTests.xctest */,
			);
			name = Products;
			sourceTree = "<group>";
		};
		334A55F3187E04D30028228C /* Frameworks */ = {
			isa = PBXGroup;
			children = (
				334A55F4187E04D30028228C /* Foundation.framework */,
				334A55F6187E04D30028228C /* CoreGraphics.framework */,
				334A55F8187E04D30028228C /* UIKit.framework */,
				334A5613187E04D40028228C /* XCTest.framework */,
			);
			name = Frameworks;
			sourceTree = "<group>";
		};
		334A55FA187E04D40028228C /* MPTextView Sample */ = {
			isa = PBXGroup;
			children = (
				334A5603187E04D40028228C /* AppDelegate.h */,
				334A5604187E04D40028228C /* AppDelegate.m */,
				334A5606187E04D40028228C /* Main.storyboard */,
				334A5629187E05170028228C /* MPTextView.h */,
				334A562A187E05170028228C /* MPTextView.m */,
				334A5609187E04D40028228C /* ViewController.h */,
				334A560A187E04D40028228C /* ViewController.m */,
				334A560C187E04D40028228C /* Images.xcassets */,
				334A55FB187E04D40028228C /* Supporting Files */,
			);
			path = "MPTextView Sample";
			sourceTree = "<group>";
		};
		334A55FB187E04D40028228C /* Supporting Files */ = {
			isa = PBXGroup;
			children = (
				334A55FC187E04D40028228C /* MPTextView Sample-Info.plist */,
				334A55FD187E04D40028228C /* InfoPlist.strings */,
				334A5600187E04D40028228C /* main.m */,
				334A5602187E04D40028228C /* MPTextView Sample-Prefix.pch */,
			);
			name = "Supporting Files";
			sourceTree = "<group>";
		};
		334A5619187E04D40028228C /* MPTextView SampleTests */ = {
			isa = PBXGroup;
			children = (
				334A561F187E04D40028228C /* MPTextView_SampleTests.m */,
				334A561A187E04D40028228C /* Supporting Files */,
			);
			path = "MPTextView SampleTests";
			sourceTree = "<group>";
		};
		334A561A187E04D40028228C /* Supporting Files */ = {
			isa = PBXGroup;
			children = (
				334A561B187E04D40028228C /* MPTextView SampleTests-Info.plist */,
				334A561C187E04D40028228C /* InfoPlist.strings */,
			);
			name = "Supporting Files";
			sourceTree = "<group>";
		};
/* End PBXGroup section */

/* Begin PBXNativeTarget section */
		334A55F0187E04D30028228C /* MPTextView Sample */ = {
			isa = PBXNativeTarget;
			buildConfigurationList = 334A5623187E04D40028228C /* Build configuration list for PBXNativeTarget "MPTextView Sample" */;
			buildPhases = (
				334A55ED187E04D30028228C /* Sources */,
				334A55EE187E04D30028228C /* Frameworks */,
				334A55EF187E04D30028228C /* Resources */,
			);
			buildRules = (
			);
			dependencies = (
			);
			name = "MPTextView Sample";
			productName = "MPTextView Sample";
			productReference = 334A55F1187E04D30028228C /* MPTextView Sample.app */;
			productType = "com.apple.product-type.application";
		};
		334A5611187E04D40028228C /* MPTextView SampleTests */ = {
			isa = PBXNativeTarget;
			buildConfigurationList = 334A5626187E04D40028228C /* Build configuration list for PBXNativeTarget "MPTextView SampleTests" */;
			buildPhases = (
				334A560E187E04D40028228C /* Sources */,
				334A560F187E04D40028228C /* Frameworks */,
				334A5610187E04D40028228C /* Resources */,
			);
			buildRules = (
			);
			dependencies = (
				334A5618187E04D40028228C /* PBXTargetDependency */,
			);
			name = "MPTextView SampleTests";
			productName = "MPTextView SampleTests";
			productReference = 334A5612187E04D40028228C /* MPTextView SampleTests.xctest */;
			productType = "com.apple.product-type.bundle.unit-test";
		};
/* End PBXNativeTarget section */

/* Begin PBXProject section */
		334A55E9187E04D30028228C /* Project object */ = {
			isa = PBXProject;
			attributes = {
				LastUpgradeCheck = 0500;
				ORGANIZATIONNAME = "Daniel Resnick";
				TargetAttributes = {
					334A5611187E04D40028228C = {
						TestTargetID = 334A55F0187E04D30028228C;
					};
				};
			};
			buildConfigurationList = 334A55EC187E04D30028228C /* Build configuration list for PBXProject "MPTextView Sample" */;
			compatibilityVersion = "Xcode 3.2";
			developmentRegion = English;
			hasScannedForEncodings = 0;
			knownRegions = (
				en,
				Base,
			);
			mainGroup = 334A55E8187E04D30028228C;
			productRefGroup = 334A55F2187E04D30028228C /* Products */;
			projectDirPath = "";
			projectRoot = "";
			targets = (
				334A55F0187E04D30028228C /* MPTextView Sample */,
				334A5611187E04D40028228C /* MPTextView SampleTests */,
			);
		};
/* End PBXProject section */

/* Begin PBXResourcesBuildPhase section */
		334A55EF187E04D30028228C /* Resources */ = {
			isa = PBXResourcesBuildPhase;
			buildActionMask = 2147483647;
			files = (
				334A560D187E04D40028228C /* Images.xcassets in Resources */,
				334A55FF187E04D40028228C /* InfoPlist.strings in Resources */,
				334A5608187E04D40028228C /* Main.storyboard in Resources */,
			);
			runOnlyForDeploymentPostprocessing = 0;
		};
		334A5610187E04D40028228C /* Resources */ = {
			isa = PBXResourcesBuildPhase;
			buildActionMask = 2147483647;
			files = (
				334A561E187E04D40028228C /* InfoPlist.strings in Resources */,
			);
			runOnlyForDeploymentPostprocessing = 0;
		};
/* End PBXResourcesBuildPhase section */

/* Begin PBXSourcesBuildPhase section */
		334A55ED187E04D30028228C /* Sources */ = {
			isa = PBXSourcesBuildPhase;
			buildActionMask = 2147483647;
			files = (
				334A562B187E05170028228C /* MPTextView.m in Sources */,
				334A560B187E04D40028228C /* ViewController.m in Sources */,
				334A5605187E04D40028228C /* AppDelegate.m in Sources */,
				334A5601187E04D40028228C /* main.m in Sources */,
			);
			runOnlyForDeploymentPostprocessing = 0;
		};
		334A560E187E04D40028228C /* Sources */ = {
			isa = PBXSourcesBuildPhase;
			buildActionMask = 2147483647;
			files = (
				334A5620187E04D40028228C /* MPTextView_SampleTests.m in Sources */,
			);
			runOnlyForDeploymentPostprocessing = 0;
		};
/* End PBXSourcesBuildPhase section */

/* Begin PBXTargetDependency section */
		334A5618187E04D40028228C /* PBXTargetDependency */ = {
			isa = PBXTargetDependency;
			target = 334A55F0187E04D30028228C /* MPTextView Sample */;
			targetProxy = 334A5617187E04D40028228C /* PBXContainerItemProxy */;
		};
/* End PBXTargetDependency section */

/* Begin PBXVariantGroup section */
		334A55FD187E04D40028228C /* InfoPlist.strings */ = {
			isa = PBXVariantGroup;
			children = (
				334A55FE187E04D40028228C /* en */,
			);
			name = InfoPlist.strings;
			sourceTree = "<group>";
		};
		334A5606187E04D40028228C /* Main.storyboard */ = {
			isa = PBXVariantGroup;
			children = (
				334A5607187E04D40028228C /* Base */,
			);
			name = Main.storyboard;
			sourceTree = "<group>";
		};
		334A561C187E04D40028228C /* InfoPlist.strings */ = {
			isa = PBXVariantGroup;
			children = (
				334A561D187E04D40028228C /* en */,
			);
			name = InfoPlist.strings;
			sourceTree = "<group>";
		};
/* End PBXVariantGroup section */

/* Begin XCBuildConfiguration section */
		334A5621187E04D40028228C /* Debug */ = {
			isa = XCBuildConfiguration;
			buildSettings = {
				ALWAYS_SEARCH_USER_PATHS = NO;
				ARCHS = "$(ARCHS_STANDARD_INCLUDING_64_BIT)";
				CLANG_CXX_LANGUAGE_STANDARD = "gnu++0x";
				CLANG_CXX_LIBRARY = "libc++";
				CLANG_ENABLE_MODULES = YES;
				CLANG_ENABLE_OBJC_ARC = YES;
				CLANG_WARN_BOOL_CONVERSION = YES;
				CLANG_WARN_CONSTANT_CONVERSION = YES;
				CLANG_WARN_DIRECT_OBJC_ISA_USAGE = YES_ERROR;
				CLANG_WARN_EMPTY_BODY = YES;
				CLANG_WARN_ENUM_CONVERSION = YES;
				CLANG_WARN_INT_CONVERSION = YES;
				CLANG_WARN_OBJC_ROOT_CLASS = YES_ERROR;
				CLANG_WARN__DUPLICATE_METHOD_MATCH = YES;
				"CODE_SIGN_IDENTITY[sdk=iphoneos*]" = "iPhone Developer";
				COPY_PHASE_STRIP = NO;
				GCC_C_LANGUAGE_STANDARD = gnu99;
				GCC_DYNAMIC_NO_PIC = NO;
				GCC_OPTIMIZATION_LEVEL = 0;
				GCC_PREPROCESSOR_DEFINITIONS = (
					"DEBUG=1",
					"$(inherited)",
				);
				GCC_SYMBOLS_PRIVATE_EXTERN = NO;
				GCC_WARN_64_TO_32_BIT_CONVERSION = YES;
				GCC_WARN_ABOUT_RETURN_TYPE = YES_ERROR;
				GCC_WARN_UNDECLARED_SELECTOR = YES;
				GCC_WARN_UNINITIALIZED_AUTOS = YES;
				GCC_WARN_UNUSED_FUNCTION = YES;
				GCC_WARN_UNUSED_VARIABLE = YES;
				IPHONEOS_DEPLOYMENT_TARGET = 7.0;
				ONLY_ACTIVE_ARCH = YES;
				SDKROOT = iphoneos;
			};
			name = Debug;
		};
		334A5622187E04D40028228C /* Release */ = {
			isa = XCBuildConfiguration;
			buildSettings = {
				ALWAYS_SEARCH_USER_PATHS = NO;
				ARCHS = "$(ARCHS_STANDARD_INCLUDING_64_BIT)";
				CLANG_CXX_LANGUAGE_STANDARD = "gnu++0x";
				CLANG_CXX_LIBRARY = "libc++";
				CLANG_ENABLE_MODULES = YES;
				CLANG_ENABLE_OBJC_ARC = YES;
				CLANG_WARN_BOOL_CONVERSION = YES;
				CLANG_WARN_CONSTANT_CONVERSION = YES;
				CLANG_WARN_DIRECT_OBJC_ISA_USAGE = YES_ERROR;
				CLANG_WARN_EMPTY_BODY = YES;
				CLANG_WARN_ENUM_CONVERSION = YES;
				CLANG_WARN_INT_CONVERSION = YES;
				CLANG_WARN_OBJC_ROOT_CLASS = YES_ERROR;
				CLANG_WARN__DUPLICATE_METHOD_MATCH = YES;
				"CODE_SIGN_IDENTITY[sdk=iphoneos*]" = "iPhone Developer";
				COPY_PHASE_STRIP = YES;
				ENABLE_NS_ASSERTIONS = NO;
				GCC_C_LANGUAGE_STANDARD = gnu99;
				GCC_WARN_64_TO_32_BIT_CONVERSION = YES;
				GCC_WARN_ABOUT_RETURN_TYPE = YES_ERROR;
				GCC_WARN_UNDECLARED_SELECTOR = YES;
				GCC_WARN_UNINITIALIZED_AUTOS = YES;
				GCC_WARN_UNUSED_FUNCTION = YES;
				GCC_WARN_UNUSED_VARIABLE = YES;
				IPHONEOS_DEPLOYMENT_TARGET = 7.0;
				SDKROOT = iphoneos;
				VALIDATE_PRODUCT = YES;
			};
			name = Release;
		};
		334A5624187E04D40028228C /* Debug */ = {
			isa = XCBuildConfiguration;
			buildSettings = {
				ASSETCATALOG_COMPILER_APPICON_NAME = AppIcon;
				ASSETCATALOG_COMPILER_LAUNCHIMAGE_NAME = LaunchImage;
				GCC_PRECOMPILE_PREFIX_HEADER = YES;
				GCC_PREFIX_HEADER = "MPTextView Sample/MPTextView Sample-Prefix.pch";
				INFOPLIST_FILE = "MPTextView Sample/MPTextView Sample-Info.plist";
				PRODUCT_NAME = "$(TARGET_NAME)";
				WRAPPER_EXTENSION = app;
			};
			name = Debug;
		};
		334A5625187E04D40028228C /* Release */ = {
			isa = XCBuildConfiguration;
			buildSettings = {
				ASSETCATALOG_COMPILER_APPICON_NAME = AppIcon;
				ASSETCATALOG_COMPILER_LAUNCHIMAGE_NAME = LaunchImage;
				GCC_PRECOMPILE_PREFIX_HEADER = YES;
				GCC_PREFIX_HEADER = "MPTextView Sample/MPTextView Sample-Prefix.pch";
				INFOPLIST_FILE = "MPTextView Sample/MPTextView Sample-Info.plist";
				PRODUCT_NAME = "$(TARGET_NAME)";
				WRAPPER_EXTENSION = app;
			};
			name = Release;
		};
		334A5627187E04D40028228C /* Debug */ = {
			isa = XCBuildConfiguration;
			buildSettings = {
				ARCHS = "$(ARCHS_STANDARD_INCLUDING_64_BIT)";
				BUNDLE_LOADER = "$(BUILT_PRODUCTS_DIR)/MPTextView Sample.app/MPTextView Sample";
				FRAMEWORK_SEARCH_PATHS = (
					"$(SDKROOT)/Developer/Library/Frameworks",
					"$(inherited)",
					"$(DEVELOPER_FRAMEWORKS_DIR)",
				);
				GCC_PRECOMPILE_PREFIX_HEADER = YES;
				GCC_PREFIX_HEADER = "MPTextView Sample/MPTextView Sample-Prefix.pch";
				GCC_PREPROCESSOR_DEFINITIONS = (
					"DEBUG=1",
					"$(inherited)",
				);
				INFOPLIST_FILE = "MPTextView SampleTests/MPTextView SampleTests-Info.plist";
				PRODUCT_NAME = "$(TARGET_NAME)";
				TEST_HOST = "$(BUNDLE_LOADER)";
				WRAPPER_EXTENSION = xctest;
			};
			name = Debug;
		};
		334A5628187E04D40028228C /* Release */ = {
			isa = XCBuildConfiguration;
			buildSettings = {
				ARCHS = "$(ARCHS_STANDARD_INCLUDING_64_BIT)";
				BUNDLE_LOADER = "$(BUILT_PRODUCTS_DIR)/MPTextView Sample.app/MPTextView Sample";
				FRAMEWORK_SEARCH_PATHS = (
					"$(SDKROOT)/Developer/Library/Frameworks",
					"$(inherited)",
					"$(DEVELOPER_FRAMEWORKS_DIR)",
				);
				GCC_PRECOMPILE_PREFIX_HEADER = YES;
				GCC_PREFIX_HEADER = "MPTextView Sample/MPTextView Sample-Prefix.pch";
				INFOPLIST_FILE = "MPTextView SampleTests/MPTextView SampleTests-Info.plist";
				PRODUCT_NAME = "$(TARGET_NAME)";
				TEST_HOST = "$(BUNDLE_LOADER)";
				WRAPPER_EXTENSION = xctest;
			};
			name = Release;
		};
/* End XCBuildConfiguration section */

/* Begin XCConfigurationList section */
		334A55EC187E04D30028228C /* Build configuration list for PBXProject "MPTextView Sample" */ = {
			isa = XCConfigurationList;
			buildConfigurations = (
				334A5621187E04D40028228C /* Debug */,
				334A5622187E04D40028228C /* Release */,
			);
			defaultConfigurationIsVisible = 0;
			defaultConfigurationName = Release;
		};
		334A5623187E04D40028228C /* Build configuration list for PBXNativeTarget "MPTextView Sample" */ = {
			isa = XCConfigurationList;
			buildConfigurations = (
				334A5624187E04D40028228C /* Debug */,
				334A5625187E04D40028228C /* Release */,
			);
			defaultConfigurationIsVisible = 0;
		};
		334A5626187E04D40028228C /* Build configuration list for PBXNativeTarget "MPTextView SampleTests" */ = {
			isa = XCConfigurationList;
			buildConfigurations = (
				334A5627187E04D40028228C /* Debug */,
				334A5628187E04D40028228C /* Release */,
			);
			defaultConfigurationIsVisible = 0;
		};
/* End XCConfigurationList section */
	};
	rootObject = 334A55E9187E04D30028228C /* Project object */;
}
